# THIS IS AN AUTOGENERATED FILE. DO NOT EDIT THIS FILE DIRECTLY.
# yarn lockfile v1


"@types/dom-inputevent@^1.0.4":
  version "1.0.5"
  resolved "https://registry.yarnpkg.com/@types/dom-inputevent/-/dom-inputevent-1.0.5.tgz#c880fa9b4482b49accc107e4a950117a1af7a61b"
  integrity sha512-oL8NzIAn1J8vsIigjEM2qip6PUBRkb1kE+3gbM+NvSCzrScgz+Ixymuv9Z9jmktVjeHWMJc9zhP49YBUBeCTaQ==

"@types/prop-types@*":
  version "15.7.3"
  resolved "https://registry.yarnpkg.com/@types/prop-types/-/prop-types-15.7.3.tgz#2ab0d5da2e5815f94b0b9d4b95d1e5f243ab2ca7"
  integrity sha512-KfRL3PuHmqQLOG+2tGpRO26Ctg+Cq1E01D2DMriKEATHgWLfeNDmq9e29Q9WIky0dQ3NPkd1mzYH8Lm936Z9qw==

"@types/ramda@^0.26.21":
  version "0.26.22"
  resolved "https://registry.yarnpkg.com/@types/ramda/-/ramda-0.26.22.tgz#4506cf76b53191d17fce473bc3de529ece6f4886"
  integrity sha512-TfX4BwgjMSXFuyb1QZsY2D8KEsJfiWolzJHYzFWyB/0UGiyX6BFvWX05IzzrMAsZpB4uN0GXAL5QcJHTKnBxoQ==
  dependencies:
    ts-toolbelt "^3.8.75"

"@types/react-dom@^16.8.4":
  version "16.9.1"
  resolved "https://registry.yarnpkg.com/@types/react-dom/-/react-dom-16.9.1.tgz#79206237cba9532a9f870b1cd5428bef6b66378c"
  integrity sha512-1S/akvkKr63qIUWVu5IKYou2P9fHLb/P2VAwyxVV85JGaGZTcUniMiTuIqM3lXFB25ej6h+CYEQ27ERVwi6eGA==
  dependencies:
    "@types/react" "*"

"@types/react@*", "@types/react@^16.8.19":
  version "16.9.3"
  resolved "https://registry.yarnpkg.com/@types/react/-/react-16.9.3.tgz#6d13251e441a3e67fb60d719d1fc8785b984a2ec"
  integrity sha512-Ogb2nSn+2qQv5opoCv7Ls5yFxtyrdUYxp5G+SWTrlGk7dmFKw331GiezCgEZj9U7QeXJi1CDtws9pdXU1zUL4g==
  dependencies:
    "@types/prop-types" "*"
    csstype "^2.2.0"

"@zettel/core@0.0.16":
  version "0.0.16"
  resolved "https://registry.yarnpkg.com/@zettel/core/-/core-0.0.16.tgz#505a4ec3195b5443b90cf7fbcba4b468c99a0893"
  integrity sha512-yuCowLlMlR1HafL2ciZIExGvsnvB3S5FYrvdpjL0f67iy9QYFKDjQg1MrDhzgvbDPidQ5vS3jUGHDxRt2Gki7Q==
  dependencies:
    "@types/ramda" "^0.26.21"
    ramda "^0.26.1"
    ts-jest "^24.1.0"

bs-logger@0.x:
  version "0.2.6"
  resolved "https://registry.yarnpkg.com/bs-logger/-/bs-logger-0.2.6.tgz#eb7d365307a72cf974cc6cda76b68354ad336bd8"
  integrity sha512-pd8DCoxmbgc7hyPKOvxtqNcjYoOsABPQdcCUjGp3d42VR2CX1ORhk2A87oqqu5R1kk+76nsxZupkmyd+MVtCog==
  dependencies:
    fast-json-stable-stringify "2.x"

buffer-from@1.x:
  version "1.1.1"
  resolved "https://registry.yarnpkg.com/buffer-from/-/buffer-from-1.1.1.tgz#32713bc028f75c02fdb710d7c7bcec1f2c6070ef"
  integrity sha512-MQcXEUbCKtEo7bhqEs6560Hyd4XaovZlO/k9V3hjVUF/zwW7KBVdSK4gIt/bzwS9MbR5qob+F5jusZsb0YQK2A==

camelcase@^4.1.0:
  version "4.1.0"
  resolved "https://registry.yarnpkg.com/camelcase/-/camelcase-4.1.0.tgz#d545635be1e33c542649c69173e5de6acfae34dd"
  integrity sha1-1UVjW+HjPFQmScaRc+Xeas+uNN0=

csstype@^2.2.0:
  version "2.6.6"
  resolved "https://registry.yarnpkg.com/csstype/-/csstype-2.6.6.tgz#c34f8226a94bbb10c32cc0d714afdf942291fc41"
  integrity sha512-RpFbQGUE74iyPgvr46U9t1xoQBM8T4BL8SxrN66Le2xYAPSaDJJKeztV3awugusb3g3G9iL8StmkBBXhcbbXhg==

fast-json-stable-stringify@2.x:
  version "2.0.0"
  resolved "https://registry.yarnpkg.com/fast-json-stable-stringify/-/fast-json-stable-stringify-2.0.0.tgz#d5142c0caee6b1189f87d3a76111064f86c8bbf2"
  integrity sha1-1RQsDK7msRifh9OnYREGT4bIu/I=

json5@2.x:
  version "2.1.1"
  resolved "https://registry.yarnpkg.com/json5/-/json5-2.1.1.tgz#81b6cb04e9ba496f1c7005d07b4368a2638f90b6"
  integrity sha512-l+3HXD0GEI3huGq1njuqtzYK8OYJyXMkOLtQ53pjWh89tvWS2h6l+1zMkYWqlb57+SiQodKZyvMEFb2X+KrFhQ==
  dependencies:
    minimist "^1.2.0"

lodash.memoize@4.x:
  version "4.1.2"
  resolved "https://registry.yarnpkg.com/lodash.memoize/-/lodash.memoize-4.1.2.tgz#bcc6c49a42a2840ed997f323eada5ecd182e0bfe"
  integrity sha1-vMbEmkKihA7Zl/Mj6tpezRguC/4=

make-error@1.x:
  version "1.3.5"
  resolved "https://registry.yarnpkg.com/make-error/-/make-error-1.3.5.tgz#efe4e81f6db28cadd605c70f29c831b58ef776c8"
  integrity sha512-c3sIjNUow0+8swNwVpqoH4YCShKNFkMaw6oH1mNS2haDZQqkeZFlHS3dhoeEbKKmJB4vXpJucU6oH75aDYeE9g==

minimist@0.0.8:
  version "0.0.8"
  resolved "https://registry.yarnpkg.com/minimist/-/minimist-0.0.8.tgz#857fcabfc3397d2625b8228262e86aa7a011b05d"
  integrity sha1-hX/Kv8M5fSYluCKCYuhqp6ARsF0=

minimist@^1.2.0:
  version "1.2.0"
  resolved "https://registry.yarnpkg.com/minimist/-/minimist-1.2.0.tgz#a35008b20f41383eec1fb914f4cd5df79a264284"
  integrity sha1-o1AIsg9BOD7sH7kU9M1d95omQoQ=

mkdirp@0.x:
  version "0.5.1"
  resolved "https://registry.yarnpkg.com/mkdirp/-/mkdirp-0.5.1.tgz#30057438eac6cf7f8c4767f38648d6697d75c903"
  integrity sha1-MAV0OOrGz3+MR2fzhkjWaX11yQM=
  dependencies:
    minimist "0.0.8"

path-parse@^1.0.6:
  version "1.0.6"
  resolved "https://registry.yarnpkg.com/path-parse/-/path-parse-1.0.6.tgz#d62dbb5679405d72c4737ec58600e9ddcf06d24c"
  integrity sha512-GSmOT2EbHrINBf9SR7CDELwlJ8AENk3Qn7OikK4nFYAu3Ote2+JYNVvkpAEQm3/TLNEJFD/xZJjzyxg3KBWOzw==

ramda@^0.26.1:
  version "0.26.1"
  resolved "https://registry.yarnpkg.com/ramda/-/ramda-0.26.1.tgz#8d41351eb8111c55353617fc3bbffad8e4d35d06"
  integrity sha512-hLWjpy7EnsDBb0p+Z3B7rPi3GDeRG5ZtiI33kJhTt+ORCd38AbAIjB/9zRIUoeTbE/AVX5ZkU7m6bznsvrf8eQ==

resolve@1.x:
  version "1.12.0"
  resolved "https://registry.yarnpkg.com/resolve/-/resolve-1.12.0.tgz#3fc644a35c84a48554609ff26ec52b66fa577df6"
  integrity sha512-B/dOmuoAik5bKcD6s6nXDCjzUKnaDvdkRyAk6rsmsKLipWj4797iothd7jmmUhWTfinVMU+wc56rYKsit2Qy4w==
  dependencies:
    path-parse "^1.0.6"

semver@^5.5:
  version "5.7.1"
  resolved "https://registry.yarnpkg.com/semver/-/semver-5.7.1.tgz#a954f931aeba508d307bbf069eff0c01c96116f7"
  integrity sha512-sauaDf/PZdVgrLTNYHRtpXa1iRiKcaebiKQ1BJdpQlWH2lCvexQdX55snPFyK7QzpudqbCI0qXFfOasHdyNDGQ==

ts-jest@^24.1.0:
  version "24.1.0"
  resolved "https://registry.yarnpkg.com/ts-jest/-/ts-jest-24.1.0.tgz#2eaa813271a2987b7e6c3fefbda196301c131734"
  integrity sha512-HEGfrIEAZKfu1pkaxB9au17b1d9b56YZSqz5eCVE8mX68+5reOvlM93xGOzzCREIov9mdH7JBG+s0UyNAqr0tQ==
  dependencies:
    bs-logger "0.x"
    buffer-from "1.x"
    fast-json-stable-stringify "2.x"
    json5 "2.x"
    lodash.memoize "4.x"
    make-error "1.x"
    mkdirp "0.x"
    resolve "1.x"
    semver "^5.5"
    yargs-parser "10.x"

ts-toolbelt@^3.8.75:
  version "3.14.0"
  resolved "https://registry.yarnpkg.com/ts-toolbelt/-/ts-toolbelt-3.14.0.tgz#f4c4984cf4e988915a0175fd6a8ded00bd1d23b0"
  integrity sha512-DYjD8tL7M1kBogRd9UKg3bUP5yh69WWcMSaA3By8ATiJU9fgYudSYIe8tWD5cpPkrGCdGGnKXQHG+5IrjJ5uhQ==

yargs-parser@10.x:
  version "10.1.0"
  resolved "https://registry.yarnpkg.com/yargs-parser/-/yargs-parser-10.1.0.tgz#7202265b89f7e9e9f2e5765e0fe735a905edbaa8"
  integrity sha512-VCIyR1wJoEBZUqk5PA+oOBF6ypbwh5aNB3I50guxAL/quggdfs4TtNHQrSazFA3fYZ+tEqfs0zIGlv0c/rgjbQ==
  dependencies:
    camelcase "^4.1.0"
