# THIS IS AN AUTOGENERATED FILE. DO NOT EDIT THIS FILE DIRECTLY.
# yarn lockfile v1


"@types/dom-inputevent@^1.0.4":
  version "1.0.4"
  resolved "https://registry.yarnpkg.com/@types/dom-inputevent/-/dom-inputevent-1.0.4.tgz#05bc0bbaed7006f74af6afa9fc897f402783ab42"
  integrity sha512-sdIvtcS03YVuXLID1KBFwsATwgTsuClHstO2EJ8DpBDJM2zdact+fANVUyG088JxLRhYdWuf9Ly6H26VnF3ULA==

"@types/prop-types@*":
  version "15.7.1"
  resolved "https://registry.yarnpkg.com/@types/prop-types/-/prop-types-15.7.1.tgz#f1a11e7babb0c3cad68100be381d1e064c68f1f6"
  integrity sha512-CFzn9idOEpHrgdw8JsoTkaDDyRWk1jrzIV8djzcgpq0y9tG4B4lFT+Nxh52DVpDXV+n4+NPNv7M1Dj5uMp6XFg==

"@types/react-dom@^16.8.4":
  version "16.8.4"
  resolved "https://registry.yarnpkg.com/@types/react-dom/-/react-dom-16.8.4.tgz#7fb7ba368857c7aa0f4e4511c4710ca2c5a12a88"
  integrity sha512-eIRpEW73DCzPIMaNBDP5pPIpK1KXyZwNgfxiVagb5iGiz6da+9A5hslSX6GAQKdO7SayVCS/Fr2kjqprgAvkfA==
  dependencies:
    "@types/react" "*"

"@types/react@*", "@types/react@^16.8.19":
  version "16.8.19"
  resolved "https://registry.yarnpkg.com/@types/react/-/react-16.8.19.tgz#629154ef05e2e1985cdde94477deefd823ad9be3"
  integrity sha512-QzEzjrd1zFzY9cDlbIiFvdr+YUmefuuRYrPxmkwG0UQv5XF35gFIi7a95m1bNVcFU0VimxSZ5QVGSiBmlggQXQ==
  dependencies:
    "@types/prop-types" "*"
    csstype "^2.2.0"

"@use-it/event-listener@^0.1.3":
  version "0.1.3"
  resolved "https://registry.yarnpkg.com/@use-it/event-listener/-/event-listener-0.1.3.tgz#a9920b2819d211cf55e68e830997546eec6886d3"
  integrity sha512-UCHkLOVU+xj3/1R8jXz8GzDTowkzfIDPESOBlVC2ndgwUSBEqiFdwCoUEs2lcGhJOOiEdmWxF+T23C5+60eEew==

"@zettel/core@link:../core":
  version "0.0.0"
  uid ""

csstype@^2.2.0:
  version "2.6.5"
  resolved "https://registry.yarnpkg.com/csstype/-/csstype-2.6.5.tgz#1cd1dff742ebf4d7c991470ae71e12bb6751e034"
  integrity sha512-JsTaiksRsel5n7XwqPAfB0l3TFKdpjW/kgAELf9vrb5adGA7UCPLajKK5s3nFrcFm3Rkyp/Qkgl73ENc1UY3cA==
