# THIS IS AN AUTOGENERATED FILE. DO NOT EDIT THIS FILE DIRECTLY.
# yarn lockfile v1


"@zettel/core@link:../core":
  version "0.0.0"
  uid ""

"@types/dom-inputevent@^1.0.4":
  version "1.0.5"
  resolved "https://registry.yarnpkg.com/@types/dom-inputevent/-/dom-inputevent-1.0.5.tgz#c880fa9b4482b49accc107e4a950117a1af7a61b"
  integrity sha512-oL8NzIAn1J8vsIigjEM2qip6PUBRkb1kE+3gbM+NvSCzrScgz+Ixymuv9Z9jmktVjeHWMJc9zhP49YBUBeCTaQ==

"@types/prop-types@*":
  version "15.7.3"
  resolved "https://registry.yarnpkg.com/@types/prop-types/-/prop-types-15.7.3.tgz#2ab0d5da2e5815f94b0b9d4b95d1e5f243ab2ca7"
  integrity sha512-KfRL3PuHmqQLOG+2tGpRO26Ctg+Cq1E01D2DMriKEATHgWLfeNDmq9e29Q9WIky0dQ3NPkd1mzYH8Lm936Z9qw==

"@types/ramda@^0.26.21":
  version "0.26.22"
  resolved "https://registry.yarnpkg.com/@types/ramda/-/ramda-0.26.22.tgz#4506cf76b53191d17fce473bc3de529ece6f4886"
  integrity sha512-TfX4BwgjMSXFuyb1QZsY2D8KEsJfiWolzJHYzFWyB/0UGiyX6BFvWX05IzzrMAsZpB4uN0GXAL5QcJHTKnBxoQ==
  dependencies:
    ts-toolbelt "^3.8.75"

"@types/react-dom@^16.8.4":
  version "16.9.1"
  resolved "https://registry.yarnpkg.com/@types/react-dom/-/react-dom-16.9.1.tgz#79206237cba9532a9f870b1cd5428bef6b66378c"
  integrity sha512-1S/akvkKr63qIUWVu5IKYou2P9fHLb/P2VAwyxVV85JGaGZTcUniMiTuIqM3lXFB25ej6h+CYEQ27ERVwi6eGA==
  dependencies:
    "@types/react" "*"

"@types/react@*", "@types/react@^16.8.19":
  version "16.9.3"
  resolved "https://registry.yarnpkg.com/@types/react/-/react-16.9.3.tgz#6d13251e441a3e67fb60d719d1fc8785b984a2ec"
  integrity sha512-Ogb2nSn+2qQv5opoCv7Ls5yFxtyrdUYxp5G+SWTrlGk7dmFKw331GiezCgEZj9U7QeXJi1CDtws9pdXU1zUL4g==
  dependencies:
    "@types/prop-types" "*"
    csstype "^2.2.0"

csstype@^2.2.0:
  version "2.6.6"
  resolved "https://registry.yarnpkg.com/csstype/-/csstype-2.6.6.tgz#c34f8226a94bbb10c32cc0d714afdf942291fc41"
  integrity sha512-RpFbQGUE74iyPgvr46U9t1xoQBM8T4BL8SxrN66Le2xYAPSaDJJKeztV3awugusb3g3G9iL8StmkBBXhcbbXhg==

ramda@^0.26.1:
  version "0.26.1"
  resolved "https://registry.yarnpkg.com/ramda/-/ramda-0.26.1.tgz#8d41351eb8111c55353617fc3bbffad8e4d35d06"
  integrity sha512-hLWjpy7EnsDBb0p+Z3B7rPi3GDeRG5ZtiI33kJhTt+ORCd38AbAIjB/9zRIUoeTbE/AVX5ZkU7m6bznsvrf8eQ==

ts-toolbelt@^3.8.75:
  version "3.14.0"
  resolved "https://registry.yarnpkg.com/ts-toolbelt/-/ts-toolbelt-3.14.0.tgz#f4c4984cf4e988915a0175fd6a8ded00bd1d23b0"
  integrity sha512-DYjD8tL7M1kBogRd9UKg3bUP5yh69WWcMSaA3By8ATiJU9fgYudSYIe8tWD5cpPkrGCdGGnKXQHG+5IrjJ5uhQ==
